
Microsoft Visual Studio Solution File, Format Version 12.00
# Visual Studio 15
VisualStudioVersion = 15.0.28010.0
MinimumVisualStudioVersion = 10.0.40219.1
Project("{FAE04EC0-301F-11D3-BF4B-00C04F79EFBC}") = "geocomplex", "geocomplex\geocomplex.csproj", "{F9FC3732-558A-45E7-8AA5-C1931C811BFC}"
EndProject
Global
	GlobalSection(SolutionConfigurationPlatforms) = preSolution
		Debug|Any CPU = Debug|Any CPU
		Release|Any CPU = Release|Any CPU
	EndGlobalSection
	GlobalSection(ProjectConfigurationPlatforms) = postSolution
		{F9FC3732-558A-45E7-8AA5-C1931C811BFC}.Debug|Any CPU.ActiveCfg = Debug|Any CPU
		{F9FC3732-558A-45E7-8AA5-C1931C811BFC}.Debug|Any CPU.Build.0 = Debug|Any CPU
		{F9FC3732-558A-45E7-8AA5-C1931C811BFC}.Release|Any CPU.ActiveCfg = Release|Any CPU
		{F9FC3732-558A-45E7-8AA5-C1931C811BFC}.Release|Any CPU.Build.0 = Release|Any CPU
	EndGlobalSection
	GlobalSection(SolutionProperties) = preSolution
		HideSolutionNode = FALSE
	EndGlobalSection
	GlobalSection(ExtensibilityGlobals) = postSolution
		SolutionGuid = {27D1EA72-5318-49E7-998C-1880C4D2E76D}
	EndGlobalSection
EndGlobal
